
Microsoft Visual Studio Solution File, Format Version 12.00
# Visual Studio 2012
Project("{8BC9CEB8-8B4A-11D0-8D11-00A0C91BC942}") = "psiso_tool", "psiso_tool.vcxproj", "{5B615609-820A-4AF9-8CC5-48C4C37CB45D}"
EndProject
Global
	GlobalSection(SolutionConfigurationPlatforms) = preSolution
		Debug|Win32 = Debug|Win32
		Release|Win32 = Release|Win32
	EndGlobalSection
	GlobalSection(ProjectConfigurationPlatforms) = postSolution
		{5B615609-820A-4AF9-8CC5-48C4C37CB45D}.Debug|Win32.ActiveCfg = Debug|Win32
		{5B615609-820A-4AF9-8CC5-48C4C37CB45D}.Debug|Win32.Build.0 = Debug|Win32
		{5B615609-820A-4AF9-8CC5-48C4C37CB45D}.Release|Win32.ActiveCfg = Release|Win32
		{5B615609-820A-4AF9-8CC5-48C4C37CB45D}.Release|Win32.Build.0 = Release|Win32
	EndGlobalSection
	GlobalSection(SolutionProperties) = preSolution
		HideSolutionNode = FALSE
	EndGlobalSection
EndGlobal
